
Microsoft Visual Studio Solution File, Format Version 12.00
# Visual Studio Version 16
VisualStudioVersion = 16.0.31702.278
MinimumVisualStudioVersion = 10.0.40219.1
Project("{FAE04EC0-301F-11D3-BF4B-00C04F79EFBC}") = "Linkedlist-Day14", "Linkedlist-Day14\Linkedlist-Day14.csproj", "{B8A42FCC-DFFD-44D0-8F01-A0978D79C632}"
EndProject
Global
	GlobalSection(SolutionConfigurationPlatforms) = preSolution
		Debug|Any CPU = Debug|Any CPU
		Release|Any CPU = Release|Any CPU
	EndGlobalSection
	GlobalSection(ProjectConfigurationPlatforms) = postSolution
		{B8A42FCC-DFFD-44D0-8F01-A0978D79C632}.Debug|Any CPU.ActiveCfg = Debug|Any CPU
		{B8A42FCC-DFFD-44D0-8F01-A0978D79C632}.Debug|Any CPU.Build.0 = Debug|Any CPU
		{B8A42FCC-DFFD-44D0-8F01-A0978D79C632}.Release|Any CPU.ActiveCfg = Release|Any CPU
		{B8A42FCC-DFFD-44D0-8F01-A0978D79C632}.Release|Any CPU.Build.0 = Release|Any CPU
	EndGlobalSection
	GlobalSection(SolutionProperties) = preSolution
		HideSolutionNode = FALSE
	EndGlobalSection
	GlobalSection(ExtensibilityGlobals) = postSolution
		SolutionGuid = {09260E72-344E-4861-ABDC-03BBF37DFB75}
	EndGlobalSection
EndGlobal
